
Microsoft Visual Studio Solution File, Format Version 12.00
# Visual Studio Version 16
VisualStudioVersion = 16.0.32901.82
MinimumVisualStudioVersion = 10.0.40219.1
Project("{FAE04EC0-301F-11D3-BF4B-00C04F79EFBC}") = "UnitConverter", "UnitConverter\UnitConverter.csproj", "{3C6CDBBE-38FD-4454-9F1C-F80FB22F8814}"
EndProject
Project("{FAE04EC0-301F-11D3-BF4B-00C04F79EFBC}") = "UnitconverterData", "UnitconverterData\UnitconverterData.csproj", "{7597A4D4-20D5-479D-8307-2980B8B666CE}"
EndProject
Global
	GlobalSection(SolutionConfigurationPlatforms) = preSolution
		Debug|Any CPU = Debug|Any CPU
		Release|Any CPU = Release|Any CPU
	EndGlobalSection
	GlobalSection(ProjectConfigurationPlatforms) = postSolution
		{3C6CDBBE-38FD-4454-9F1C-F80FB22F8814}.Debug|Any CPU.ActiveCfg = Debug|Any CPU
		{3C6CDBBE-38FD-4454-9F1C-F80FB22F8814}.Debug|Any CPU.Build.0 = Debug|Any CPU
		{3C6CDBBE-38FD-4454-9F1C-F80FB22F8814}.Release|Any CPU.ActiveCfg = Release|Any CPU
		{3C6CDBBE-38FD-4454-9F1C-F80FB22F8814}.Release|Any CPU.Build.0 = Release|Any CPU
		{7597A4D4-20D5-479D-8307-2980B8B666CE}.Debug|Any CPU.ActiveCfg = Debug|Any CPU
		{7597A4D4-20D5-479D-8307-2980B8B666CE}.Debug|Any CPU.Build.0 = Debug|Any CPU
		{7597A4D4-20D5-479D-8307-2980B8B666CE}.Release|Any CPU.ActiveCfg = Release|Any CPU
		{7597A4D4-20D5-479D-8307-2980B8B666CE}.Release|Any CPU.Build.0 = Release|Any CPU
	EndGlobalSection
	GlobalSection(SolutionProperties) = preSolution
		HideSolutionNode = FALSE
	EndGlobalSection
	GlobalSection(ExtensibilityGlobals) = postSolution
		SolutionGuid = {1C8EC419-0027-462E-88E8-90B60F3BC04D}
	EndGlobalSection
EndGlobal
